
Microsoft Visual Studio Solution File, Format Version 12.00
# Visual Studio Version 17
VisualStudioVersion = 17.8.34525.116
MinimumVisualStudioVersion = 10.0.40219.1
Project("{9A19103F-16F7-4668-BE54-9A1E7A4F7556}") = "BuilderPattern", "BuilderPattern\BuilderPattern.csproj", "{F049046D-C262-4C50-84FB-09A19C0B6397}"
EndProject
Project("{9A19103F-16F7-4668-BE54-9A1E7A4F7556}") = "FactoryPattern", "FactoryPattern\FactoryPattern.csproj", "{74CB21FD-941D-4824-9CAB-515E4A5452E2}"
EndProject
Project("{FAE04EC0-301F-11D3-BF4B-00C04F79EFBC}") = "SingletonPattern", "SingletonPattern\SingletonPattern.csproj", "{444783AB-A8F0-42C5-AC09-1F91D1FBD718}"
EndProject
Global
	GlobalSection(SolutionConfigurationPlatforms) = preSolution
		Debug|Any CPU = Debug|Any CPU
		Release|Any CPU = Release|Any CPU
	EndGlobalSection
	GlobalSection(ProjectConfigurationPlatforms) = postSolution
		{F049046D-C262-4C50-84FB-09A19C0B6397}.Debug|Any CPU.ActiveCfg = Debug|Any CPU
		{F049046D-C262-4C50-84FB-09A19C0B6397}.Debug|Any CPU.Build.0 = Debug|Any CPU
		{F049046D-C262-4C50-84FB-09A19C0B6397}.Release|Any CPU.ActiveCfg = Release|Any CPU
		{F049046D-C262-4C50-84FB-09A19C0B6397}.Release|Any CPU.Build.0 = Release|Any CPU
		{74CB21FD-941D-4824-9CAB-515E4A5452E2}.Debug|Any CPU.ActiveCfg = Debug|Any CPU
		{74CB21FD-941D-4824-9CAB-515E4A5452E2}.Debug|Any CPU.Build.0 = Debug|Any CPU
		{74CB21FD-941D-4824-9CAB-515E4A5452E2}.Release|Any CPU.ActiveCfg = Release|Any CPU
		{74CB21FD-941D-4824-9CAB-515E4A5452E2}.Release|Any CPU.Build.0 = Release|Any CPU
		{444783AB-A8F0-42C5-AC09-1F91D1FBD718}.Debug|Any CPU.ActiveCfg = Debug|Any CPU
		{444783AB-A8F0-42C5-AC09-1F91D1FBD718}.Debug|Any CPU.Build.0 = Debug|Any CPU
		{444783AB-A8F0-42C5-AC09-1F91D1FBD718}.Release|Any CPU.ActiveCfg = Release|Any CPU
		{444783AB-A8F0-42C5-AC09-1F91D1FBD718}.Release|Any CPU.Build.0 = Release|Any CPU
	EndGlobalSection
	GlobalSection(SolutionProperties) = preSolution
		HideSolutionNode = FALSE
	EndGlobalSection
	GlobalSection(ExtensibilityGlobals) = postSolution
		SolutionGuid = {CEE8AE42-3717-41E4-AB2F-0E5497E0142D}
	EndGlobalSection
EndGlobal
